// !$*UTF8*$!
{
	archiveVersion = 1;
	classes = {
	};
	objectVersion = 46;
	objects = {

/* Begin PBXBuildFile section */
		CB976BB91C60D7D500A3F3EF /* AppDelegate.swift in Sources */ = {isa = PBXBuildFile; fileRef = CB976BB81C60D7D500A3F3EF /* AppDelegate.swift */; };
		CB976BBB1C60D7D500A3F3EF /* ViewController.swift in Sources */ = {isa = PBXBuildFile; fileRef = CB976BBA1C60D7D500A3F3EF /* ViewController.swift */; };
		CB976BBE1C60D7D500A3F3EF /* Main.storyboard in Resources */ = {isa = PBXBuildFile; fileRef = CB976BBC1C60D7D500A3F3EF /* Main.storyboard */; };
		CB976BC01C60D7D500A3F3EF /* Assets.xcassets in Resources */ = {isa = PBXBuildFile; fileRef = CB976BBF1C60D7D500A3F3EF /* Assets.xcassets */; };
		CB976BC31C60D7D500A3F3EF /* LaunchScreen.storyboard in Resources */ = {isa = PBXBuildFile; fileRef = CB976BC11C60D7D500A3F3EF /* LaunchScreen.storyboard */; };
/* End PBXBuildFile section */

/* Begin PBXFileReference section */
		CB976BB51C60D7D500A3F3EF /* ROCloudModel.app */ = {isa = PBXFileReference; explicitFileType = wrapper.application; includeInIndex = 0; path = ROCloudModel.app; sourceTree = BUILT_PRODUCTS_DIR; };
		CB976BB81C60D7D500A3F3EF /* AppDelegate.swift */ = {isa = PBXFileReference; lastKnownFileType = sourcecode.swift; path = AppDelegate.swift; sourceTree = "<group>"; };
		CB976BBA1C60D7D500A3F3EF /* ViewController.swift */ = {isa = PBXFileReference; lastKnownFileType = sourcecode.swift; path = ViewController.swift; sourceTree = "<group>"; };
		CB976BBD1C60D7D500A3F3EF /* Base */ = {isa = PBXFileReference; lastKnownFileType = file.storyboard; name = Base; path = Base.lproj/Main.storyboard; sourceTree = "<group>"; };
		CB976BBF1C60D7D500A3F3EF /* Assets.xcassets */ = {isa = PBXFileReference; lastKnownFileType = folder.assetcatalog; path = Assets.xcassets; sourceTree = "<group>"; };
		CB976BC21C60D7D500A3F3EF /* Base */ = {isa = PBXFileReference; lastKnownFileType = file.storyboard; name = Base; path = Base.lproj/LaunchScreen.storyboard; sourceTree = "<group>"; };
		CB976BC41C60D7D500A3F3EF /* Info.plist */ = {isa = PBXFileReference; lastKnownFileType = text.plist.xml; path = Info.plist; sourceTree = "<group>"; };
/* End PBXFileReference section */

/* Begin PBXFrameworksBuildPhase section */
		CB976BB21C60D7D500A3F3EF /* Frameworks */ = {
			isa = PBXFrameworksBuildPhase;
			buildActionMask = 2147483647;
			files = (
			);
			runOnlyForDeploymentPostprocessing = 0;
		};
/* End PBXFrameworksBuildPhase section */

/* Begin PBXGroup section */
		CB976BAC1C60D7D500A3F3EF = {
			isa = PBXGroup;
			children = (
				CB976BB71C60D7D500A3F3EF /* ROCloudModel */,
				CB976BB61C60D7D500A3F3EF /* Products */,
			);
			sourceTree = "<group>";
		};
		CB976BB61C60D7D500A3F3EF /* Products */ = {
			isa = PBXGroup;
			children = (
				CB976BB51C60D7D500A3F3EF /* ROCloudModel.app */,
			);
			name = Products;
			sourceTree = "<group>";
		};
		CB976BB71C60D7D500A3F3EF /* ROCloudModel */ = {
			isa = PBXGroup;
			children = (
				CB976BB81C60D7D500A3F3EF /* AppDelegate.swift */,
				CB976BBA1C60D7D500A3F3EF /* ViewController.swift */,
				CB976BBC1C60D7D500A3F3EF /* Main.storyboard */,
				CB976BBF1C60D7D500A3F3EF /* Assets.xcassets */,
				CB976BC11C60D7D500A3F3EF /* LaunchScreen.storyboard */,
				CB976BC41C60D7D500A3F3EF /* Info.plist */,
			);
			path = ROCloudModel;
			sourceTree = "<group>";
		};
/* End PBXGroup section */

/* Begin PBXNativeTarget section */
		CB976BB41C60D7D500A3F3EF /* ROCloudModel */ = {
			isa = PBXNativeTarget;
			buildConfigurationList = CB976BC71C60D7D500A3F3EF /* Build configuration list for PBXNativeTarget "ROCloudModel" */;
			buildPhases = (
				CB976BB11C60D7D500A3F3EF /* Sources */,
				CB976BB21C60D7D500A3F3EF /* Frameworks */,
				CB976BB31C60D7D500A3F3EF /* Resources */,
			);
			buildRules = (
			);
			dependencies = (
			);
			name = ROCloudModel;
			productName = ROCloudModel;
			productReference = CB976BB51C60D7D500A3F3EF /* ROCloudModel.app */;
			productType = "com.apple.product-type.application";
		};
/* End PBXNativeTarget section */

/* Begin PBXProject section */
		CB976BAD1C60D7D500A3F3EF /* Project object */ = {
			isa = PBXProject;
			attributes = {
				LastSwiftUpdateCheck = 0720;
				LastUpgradeCheck = 0720;
				ORGANIZATIONNAME = "Prine Development";
				TargetAttributes = {
					CB976BB41C60D7D500A3F3EF = {
						CreatedOnToolsVersion = 7.2;
					};
				};
			};
			buildConfigurationList = CB976BB01C60D7D500A3F3EF /* Build configuration list for PBXProject "ROCloudModel" */;
			compatibilityVersion = "Xcode 3.2";
			developmentRegion = English;
			hasScannedForEncodings = 0;
			knownRegions = (
				en,
				Base,
			);
			mainGroup = CB976BAC1C60D7D500A3F3EF;
			productRefGroup = CB976BB61C60D7D500A3F3EF /* Products */;
			projectDirPath = "";
			projectRoot = "";
			targets = (
				CB976BB41C60D7D500A3F3EF /* ROCloudModel */,
			);
		};
/* End PBXProject section */

/* Begin PBXResourcesBuildPhase section */
		CB976BB31C60D7D500A3F3EF /* Resources */ = {
			isa = PBXResourcesBuildPhase;
			buildActionMask = 2147483647;
			files = (
				CB976BC31C60D7D500A3F3EF /* LaunchScreen.storyboard in Resources */,
				CB976BC01C60D7D500A3F3EF /* Assets.xcassets in Resources */,
				CB976BBE1C60D7D500A3F3EF /* Main.storyboard in Resources */,
			);
			runOnlyForDeploymentPostprocessing = 0;
		};
/* End PBXResourcesBuildPhase section */

/* Begin PBXSourcesBuildPhase section */
		CB976BB11C60D7D500A3F3EF /* Sources */ = {
			isa = PBXSourcesBuildPhase;
			buildActionMask = 2147483647;
			files = (
				CB976BBB1C60D7D500A3F3EF /* ViewController.swift in Sources */,
				CB976BB91C60D7D500A3F3EF /* AppDelegate.swift in Sources */,
			);
			runOnlyForDeploymentPostprocessing = 0;
		};
/* End PBXSourcesBuildPhase section */

/* Begin PBXVariantGroup section */
		CB976BBC1C60D7D500A3F3EF /* Main.storyboard */ = {
			isa = PBXVariantGroup;
			children = (
				CB976BBD1C60D7D500A3F3EF /* Base */,
			);
			name = Main.storyboard;
			sourceTree = "<group>";
		};
		CB976BC11C60D7D500A3F3EF /* LaunchScreen.storyboard */ = {
			isa = PBXVariantGroup;
			children = (
				CB976BC21C60D7D500A3F3EF /* Base */,
			);
			name = LaunchScreen.storyboard;
			sourceTree = "<group>";
		};
/* End PBXVariantGroup section */

/* Begin XCBuildConfiguration section */
		CB976BC51C60D7D500A3F3EF /* Debug */ = {
			isa = XCBuildConfiguration;
			buildSettings = {
				ALWAYS_SEARCH_USER_PATHS = NO;
				CLANG_CXX_LANGUAGE_STANDARD = "gnu++0x";
				CLANG_CXX_LIBRARY = "libc++";
				CLANG_ENABLE_MODULES = YES;
				CLANG_ENABLE_OBJC_ARC = YES;
				CLANG_WARN_BOOL_CONVERSION = YES;
				CLANG_WARN_CONSTANT_CONVERSION = YES;
				CLANG_WARN_DIRECT_OBJC_ISA_USAGE = YES_ERROR;
				CLANG_WARN_EMPTY_BODY = YES;
				CLANG_WARN_ENUM_CONVERSION = YES;
				CLANG_WARN_INT_CONVERSION = YES;
				CLANG_WARN_OBJC_ROOT_CLASS = YES_ERROR;
				CLANG_WARN_UNREACHABLE_CODE = YES;
				CLANG_WARN__DUPLICATE_METHOD_MATCH = YES;
				"CODE_SIGN_IDENTITY[sdk=iphoneos*]" = "iPhone Developer";
				COPY_PHASE_STRIP = NO;
				DEBUG_INFORMATION_FORMAT = dwarf;
				ENABLE_STRICT_OBJC_MSGSEND = YES;
				ENABLE_TESTABILITY = YES;
				GCC_C_LANGUAGE_STANDARD = gnu99;
				GCC_DYNAMIC_NO_PIC = NO;
				GCC_NO_COMMON_BLOCKS = YES;
				GCC_OPTIMIZATION_LEVEL = 0;
				GCC_PREPROCESSOR_DEFINITIONS = (
					"DEBUG=1",
					"$(inherited)",
				);
				GCC_WARN_64_TO_32_BIT_CONVERSION = YES;
				GCC_WARN_ABOUT_RETURN_TYPE = YES_ERROR;
				GCC_WARN_UNDECLARED_SELECTOR = YES;
				GCC_WARN_UNINITIALIZED_AUTOS = YES_AGGRESSIVE;
				GCC_WARN_UNUSED_FUNCTION = YES;
				GCC_WARN_UNUSED_VARIABLE = YES;
				IPHONEOS_DEPLOYMENT_TARGET = 9.2;
				MTL_ENABLE_DEBUG_INFO = YES;
				ONLY_ACTIVE_ARCH = YES;
				SDKROOT = iphoneos;
				SWIFT_OPTIMIZATION_LEVEL = "-Onone";
				TARGETED_DEVICE_FAMILY = "1,2";
			};
			name = Debug;
		};
		CB976BC61C60D7D500A3F3EF /* Release */ = {
			isa = XCBuildConfiguration;
			buildSettings = {
				ALWAYS_SEARCH_USER_PATHS = NO;
				CLANG_CXX_LANGUAGE_STANDARD = "gnu++0x";
				CLANG_CXX_LIBRARY = "libc++";
				CLANG_ENABLE_MODULES = YES;
				CLANG_ENABLE_OBJC_ARC = YES;
				CLANG_WARN_BOOL_CONVERSION = YES;
				CLANG_WARN_CONSTANT_CONVERSION = YES;
				CLANG_WARN_DIRECT_OBJC_ISA_USAGE = YES_ERROR;
				CLANG_WARN_EMPTY_BODY = YES;
				CLANG_WARN_ENUM_CONVERSION = YES;
				CLANG_WARN_INT_CONVERSION = YES;
				CLANG_WARN_OBJC_ROOT_CLASS = YES_ERROR;
				CLANG_WARN_UNREACHABLE_CODE = YES;
				CLANG_WARN__DUPLICATE_METHOD_MATCH = YES;
				"CODE_SIGN_IDENTITY[sdk=iphoneos*]" = "iPhone Developer";
				COPY_PHASE_STRIP = NO;
				DEBUG_INFORMATION_FORMAT = "dwarf-with-dsym";
				ENABLE_NS_ASSERTIONS = NO;
				ENABLE_STRICT_OBJC_MSGSEND = YES;
				GCC_C_LANGUAGE_STANDARD = gnu99;
				GCC_NO_COMMON_BLOCKS = YES;
				GCC_WARN_64_TO_32_BIT_CONVERSION = YES;
				GCC_WARN_ABOUT_RETURN_TYPE = YES_ERROR;
				GCC_WARN_UNDECLARED_SELECTOR = YES;
				GCC_WARN_UNINITIALIZED_AUTOS = YES_AGGRESSIVE;
				GCC_WARN_UNUSED_FUNCTION = YES;
				GCC_WARN_UNUSED_VARIABLE = YES;
				IPHONEOS_DEPLOYMENT_TARGET = 9.2;
				MTL_ENABLE_DEBUG_INFO = NO;
				SDKROOT = iphoneos;
				TARGETED_DEVICE_FAMILY = "1,2";
				VALIDATE_PRODUCT = YES;
			};
			name = Release;
		};
		CB976BC81C60D7D500A3F3EF /* Debug */ = {
			isa = XCBuildConfiguration;
			buildSettings = {
				ASSETCATALOG_COMPILER_APPICON_NAME = AppIcon;
				INFOPLIST_FILE = ROCloudModel/Info.plist;
				LD_RUNPATH_SEARCH_PATHS = "$(inherited) @executable_path/Frameworks";
				PRODUCT_BUNDLE_IDENTIFIER = ch.prine.ROCloudModel;
				PRODUCT_NAME = "$(TARGET_NAME)";
			};
			name = Debug;
		};
		CB976BC91C60D7D500A3F3EF /* Release */ = {
			isa = XCBuildConfiguration;
			buildSettings = {
				ASSETCATALOG_COMPILER_APPICON_NAME = AppIcon;
				INFOPLIST_FILE = ROCloudModel/Info.plist;
				LD_RUNPATH_SEARCH_PATHS = "$(inherited) @executable_path/Frameworks";
				PRODUCT_BUNDLE_IDENTIFIER = ch.prine.ROCloudModel;
				PRODUCT_NAME = "$(TARGET_NAME)";
			};
			name = Release;
		};
/* End XCBuildConfiguration section */

/* Begin XCConfigurationList section */
		CB976BB01C60D7D500A3F3EF /* Build configuration list for PBXProject "ROCloudModel" */ = {
			isa = XCConfigurationList;
			buildConfigurations = (
				CB976BC51C60D7D500A3F3EF /* Debug */,
				CB976BC61C60D7D500A3F3EF /* Release */,
			);
			defaultConfigurationIsVisible = 0;
			defaultConfigurationName = Release;
		};
		CB976BC71C60D7D500A3F3EF /* Build configuration list for PBXNativeTarget "ROCloudModel" */ = {
			isa = XCConfigurationList;
			buildConfigurations = (
				CB976BC81C60D7D500A3F3EF /* Debug */,
				CB976BC91C60D7D500A3F3EF /* Release */,
			);
			defaultConfigurationIsVisible = 0;
		};
/* End XCConfigurationList section */
	};
	rootObject = CB976BAD1C60D7D500A3F3EF /* Project object */;
}
