// !$*UTF8*$!
{
	archiveVersion = 1;
	classes = {
	};
	objectVersion = 46;
	objects = {

/* Begin PBXBuildFile section */
		897F5A6F3FA973649968DC92 /* Pods_ROCloudModel.framework in Frameworks */ = {isa = PBXBuildFile; fileRef = B0B224730E0DC9875FA4104B /* Pods_ROCloudModel.framework */; };
		CB976BB91C60D7D500A3F3EF /* AppDelegate.swift in Sources */ = {isa = PBXBuildFile; fileRef = CB976BB81C60D7D500A3F3EF /* AppDelegate.swift */; };
		CB976BBE1C60D7D500A3F3EF /* Main.storyboard in Resources */ = {isa = PBXBuildFile; fileRef = CB976BBC1C60D7D500A3F3EF /* Main.storyboard */; };
		CB976BC01C60D7D500A3F3EF /* Assets.xcassets in Resources */ = {isa = PBXBuildFile; fileRef = CB976BBF1C60D7D500A3F3EF /* Assets.xcassets */; };
		CB976BC31C60D7D500A3F3EF /* LaunchScreen.storyboard in Resources */ = {isa = PBXBuildFile; fileRef = CB976BC11C60D7D500A3F3EF /* LaunchScreen.storyboard */; };
		CB976BD21C60D7F300A3F3EF /* Report.swift in Sources */ = {isa = PBXBuildFile; fileRef = CB976BD01C60D7F300A3F3EF /* Report.swift */; };
		CB976BD31C60D7F300A3F3EF /* Post.swift in Sources */ = {isa = PBXBuildFile; fileRef = CB976BD11C60D7F300A3F3EF /* Post.swift */; };
		CB976BD51C60D80C00A3F3EF /* ViewController.swift in Sources */ = {isa = PBXBuildFile; fileRef = CB976BD41C60D80C00A3F3EF /* ViewController.swift */; };
		CB976BD81C60D84600A3F3EF /* CloudKit.framework in Frameworks */ = {isa = PBXBuildFile; fileRef = CB976BD71C60D84600A3F3EF /* CloudKit.framework */; };
		CB976BDA1C60D88A00A3F3EF /* Podfile in Resources */ = {isa = PBXBuildFile; fileRef = CB976BD91C60D88A00A3F3EF /* Podfile */; };
		CBDF87BB1C93096A00A2ED91 /* LocalCache.swift in Sources */ = {isa = PBXBuildFile; fileRef = CBDF87BA1C93096A00A2ED91 /* LocalCache.swift */; };
		CBE768781C62048600967C3F /* ROCloudModel.podspec in Resources */ = {isa = PBXBuildFile; fileRef = CBE768771C62048600967C3F /* ROCloudModel.podspec */; };
		CBE768831C6208C000967C3F /* ROCloudBaseWebservice.swift in Sources */ = {isa = PBXBuildFile; fileRef = CBE768801C6208C000967C3F /* ROCloudBaseWebservice.swift */; };
		CBE768841C6208C000967C3F /* ROCloudModel.swift in Sources */ = {isa = PBXBuildFile; fileRef = CBE768811C6208C000967C3F /* ROCloudModel.swift */; };
		CBE768851C6208C000967C3F /* ROCloudModelOperations.swift in Sources */ = {isa = PBXBuildFile; fileRef = CBE768821C6208C000967C3F /* ROCloudModelOperations.swift */; };
		CBE768871C62092E00967C3F /* README.md in Sources */ = {isa = PBXBuildFile; fileRef = CBE768861C62092E00967C3F /* README.md */; };
/* End PBXBuildFile section */

/* Begin PBXFileReference section */
		3E776E2B29BC347143BAD791 /* Pods.framework */ = {isa = PBXFileReference; explicitFileType = wrapper.framework; includeInIndex = 0; path = Pods.framework; sourceTree = BUILT_PRODUCTS_DIR; };
		4AA8E8B4BA551B73D330218F /* Pods-ROCloudModel.debug.xcconfig */ = {isa = PBXFileReference; includeInIndex = 1; lastKnownFileType = text.xcconfig; name = "Pods-ROCloudModel.debug.xcconfig"; path = "Pods/Target Support Files/Pods-ROCloudModel/Pods-ROCloudModel.debug.xcconfig"; sourceTree = "<group>"; };
		A0404DA6BB7AA0D6B89D3964 /* Pods-ROCloudModel.release.xcconfig */ = {isa = PBXFileReference; includeInIndex = 1; lastKnownFileType = text.xcconfig; name = "Pods-ROCloudModel.release.xcconfig"; path = "Pods/Target Support Files/Pods-ROCloudModel/Pods-ROCloudModel.release.xcconfig"; sourceTree = "<group>"; };
		B0B224730E0DC9875FA4104B /* Pods_ROCloudModel.framework */ = {isa = PBXFileReference; explicitFileType = wrapper.framework; includeInIndex = 0; path = Pods_ROCloudModel.framework; sourceTree = BUILT_PRODUCTS_DIR; };
		CB976BB51C60D7D500A3F3EF /* ROCloudModel.app */ = {isa = PBXFileReference; explicitFileType = wrapper.application; includeInIndex = 0; path = ROCloudModel.app; sourceTree = BUILT_PRODUCTS_DIR; };
		CB976BB81C60D7D500A3F3EF /* AppDelegate.swift */ = {isa = PBXFileReference; lastKnownFileType = sourcecode.swift; path = AppDelegate.swift; sourceTree = "<group>"; };
		CB976BBD1C60D7D500A3F3EF /* Base */ = {isa = PBXFileReference; lastKnownFileType = file.storyboard; name = Base; path = Base.lproj/Main.storyboard; sourceTree = "<group>"; };
		CB976BBF1C60D7D500A3F3EF /* Assets.xcassets */ = {isa = PBXFileReference; lastKnownFileType = folder.assetcatalog; path = Assets.xcassets; sourceTree = "<group>"; };
		CB976BC21C60D7D500A3F3EF /* Base */ = {isa = PBXFileReference; lastKnownFileType = file.storyboard; name = Base; path = Base.lproj/LaunchScreen.storyboard; sourceTree = "<group>"; };
		CB976BC41C60D7D500A3F3EF /* Info.plist */ = {isa = PBXFileReference; lastKnownFileType = text.plist.xml; path = Info.plist; sourceTree = "<group>"; };
		CB976BD01C60D7F300A3F3EF /* Report.swift */ = {isa = PBXFileReference; fileEncoding = 4; lastKnownFileType = sourcecode.swift; path = Report.swift; sourceTree = "<group>"; };
		CB976BD11C60D7F300A3F3EF /* Post.swift */ = {isa = PBXFileReference; fileEncoding = 4; lastKnownFileType = sourcecode.swift; path = Post.swift; sourceTree = "<group>"; };
		CB976BD41C60D80C00A3F3EF /* ViewController.swift */ = {isa = PBXFileReference; fileEncoding = 4; lastKnownFileType = sourcecode.swift; path = ViewController.swift; sourceTree = "<group>"; };
		CB976BD61C60D84300A3F3EF /* ROCloudModel.entitlements */ = {isa = PBXFileReference; lastKnownFileType = text.xml; path = ROCloudModel.entitlements; sourceTree = "<group>"; };
		CB976BD71C60D84600A3F3EF /* CloudKit.framework */ = {isa = PBXFileReference; lastKnownFileType = wrapper.framework; name = CloudKit.framework; path = System/Library/Frameworks/CloudKit.framework; sourceTree = SDKROOT; };
		CB976BD91C60D88A00A3F3EF /* Podfile */ = {isa = PBXFileReference; fileEncoding = 4; lastKnownFileType = text; path = Podfile; sourceTree = "<group>"; xcLanguageSpecificationIdentifier = xcode.lang.ruby; };
		CBDF87BA1C93096A00A2ED91 /* LocalCache.swift */ = {isa = PBXFileReference; fileEncoding = 4; lastKnownFileType = sourcecode.swift; name = LocalCache.swift; path = Source/LocalCache.swift; sourceTree = "<group>"; };
		CBE768771C62048600967C3F /* ROCloudModel.podspec */ = {isa = PBXFileReference; fileEncoding = 4; lastKnownFileType = text; path = ROCloudModel.podspec; sourceTree = "<group>"; };
		CBE768801C6208C000967C3F /* ROCloudBaseWebservice.swift */ = {isa = PBXFileReference; fileEncoding = 4; lastKnownFileType = sourcecode.swift; name = ROCloudBaseWebservice.swift; path = Source/ROCloudBaseWebservice.swift; sourceTree = "<group>"; };
		CBE768811C6208C000967C3F /* ROCloudModel.swift */ = {isa = PBXFileReference; fileEncoding = 4; lastKnownFileType = sourcecode.swift; name = ROCloudModel.swift; path = Source/ROCloudModel.swift; sourceTree = "<group>"; };
		CBE768821C6208C000967C3F /* ROCloudModelOperations.swift */ = {isa = PBXFileReference; fileEncoding = 4; lastKnownFileType = sourcecode.swift; name = ROCloudModelOperations.swift; path = Source/ROCloudModelOperations.swift; sourceTree = "<group>"; };
		CBE768861C62092E00967C3F /* README.md */ = {isa = PBXFileReference; fileEncoding = 4; lastKnownFileType = net.daringfireball.markdown; path = README.md; sourceTree = "<group>"; };
/* End PBXFileReference section */

/* Begin PBXFrameworksBuildPhase section */
		CB976BB21C60D7D500A3F3EF /* Frameworks */ = {
			isa = PBXFrameworksBuildPhase;
			buildActionMask = 2147483647;
			files = (
				CB976BD81C60D84600A3F3EF /* CloudKit.framework in Frameworks */,
				897F5A6F3FA973649968DC92 /* Pods_ROCloudModel.framework in Frameworks */,
			);
			runOnlyForDeploymentPostprocessing = 0;
		};
/* End PBXFrameworksBuildPhase section */

/* Begin PBXGroup section */
		5F8931253F8F2F879E5A9E8C /* Pods */ = {
			isa = PBXGroup;
			children = (
				4AA8E8B4BA551B73D330218F /* Pods-ROCloudModel.debug.xcconfig */,
				A0404DA6BB7AA0D6B89D3964 /* Pods-ROCloudModel.release.xcconfig */,
			);
			name = Pods;
			sourceTree = "<group>";
		};
		CB976BAC1C60D7D500A3F3EF = {
			isa = PBXGroup;
			children = (
				CB976BD91C60D88A00A3F3EF /* Podfile */,
				CBE768771C62048600967C3F /* ROCloudModel.podspec */,
				CBE768861C62092E00967C3F /* README.md */,
				CB976BD71C60D84600A3F3EF /* CloudKit.framework */,
				CB976BB71C60D7D500A3F3EF /* ROCloudModel */,
				CB976BB61C60D7D500A3F3EF /* Products */,
				DAEC4E24310FD7EB00A747EF /* Frameworks */,
				5F8931253F8F2F879E5A9E8C /* Pods */,
			);
			sourceTree = "<group>";
		};
		CB976BB61C60D7D500A3F3EF /* Products */ = {
			isa = PBXGroup;
			children = (
				CB976BB51C60D7D500A3F3EF /* ROCloudModel.app */,
			);
			name = Products;
			sourceTree = "<group>";
		};
		CB976BB71C60D7D500A3F3EF /* ROCloudModel */ = {
			isa = PBXGroup;
			children = (
				CBE768791C62063100967C3F /* Source */,
				CB976BD61C60D84300A3F3EF /* ROCloudModel.entitlements */,
				CB976BB81C60D7D500A3F3EF /* AppDelegate.swift */,
				CB976BD01C60D7F300A3F3EF /* Report.swift */,
				CB976BD11C60D7F300A3F3EF /* Post.swift */,
				CB976BD41C60D80C00A3F3EF /* ViewController.swift */,
				CB976BBC1C60D7D500A3F3EF /* Main.storyboard */,
				CB976BBF1C60D7D500A3F3EF /* Assets.xcassets */,
				CB976BC11C60D7D500A3F3EF /* LaunchScreen.storyboard */,
				CB976BC41C60D7D500A3F3EF /* Info.plist */,
			);
			path = ROCloudModel;
			sourceTree = "<group>";
		};
		CBE768791C62063100967C3F /* Source */ = {
			isa = PBXGroup;
			children = (
				CBE768801C6208C000967C3F /* ROCloudBaseWebservice.swift */,
				CBE768811C6208C000967C3F /* ROCloudModel.swift */,
				CBE768821C6208C000967C3F /* ROCloudModelOperations.swift */,
				CBDF87BA1C93096A00A2ED91 /* LocalCache.swift */,
			);
			name = Source;
			path = ..;
			sourceTree = "<group>";
		};
		DAEC4E24310FD7EB00A747EF /* Frameworks */ = {
			isa = PBXGroup;
			children = (
				3E776E2B29BC347143BAD791 /* Pods.framework */,
				B0B224730E0DC9875FA4104B /* Pods_ROCloudModel.framework */,
			);
			name = Frameworks;
			sourceTree = "<group>";
		};
/* End PBXGroup section */

/* Begin PBXNativeTarget section */
		CB976BB41C60D7D500A3F3EF /* ROCloudModel */ = {
			isa = PBXNativeTarget;
			buildConfigurationList = CB976BC71C60D7D500A3F3EF /* Build configuration list for PBXNativeTarget "ROCloudModel" */;
			buildPhases = (
				AD655C1B39CCE555571C4E94 /* [CP] Check Pods Manifest.lock */,
				CB976BB11C60D7D500A3F3EF /* Sources */,
				CB976BB21C60D7D500A3F3EF /* Frameworks */,
				CB976BB31C60D7D500A3F3EF /* Resources */,
				8367B9AE6D7F1C309E071520 /* [CP] Embed Pods Frameworks */,
				87E135987638B49CB4817039 /* [CP] Copy Pods Resources */,
			);
			buildRules = (
			);
			dependencies = (
			);
			name = ROCloudModel;
			productName = ROCloudModel;
			productReference = CB976BB51C60D7D500A3F3EF /* ROCloudModel.app */;
			productType = "com.apple.product-type.application";
		};
/* End PBXNativeTarget section */

/* Begin PBXProject section */
		CB976BAD1C60D7D500A3F3EF /* Project object */ = {
			isa = PBXProject;
			attributes = {
				LastSwiftUpdateCheck = 0720;
				LastUpgradeCheck = 0800;
				ORGANIZATIONNAME = "Prine Development";
				TargetAttributes = {
					CB976BB41C60D7D500A3F3EF = {
						CreatedOnToolsVersion = 7.2;
						DevelopmentTeam = 39J9X3JBYC;
						LastSwiftMigration = 0800;
						SystemCapabilities = {
							com.apple.iCloud = {
								enabled = 1;
							};
						};
					};
				};
			};
			buildConfigurationList = CB976BB01C60D7D500A3F3EF /* Build configuration list for PBXProject "ROCloudModel" */;
			compatibilityVersion = "Xcode 3.2";
			developmentRegion = English;
			hasScannedForEncodings = 0;
			knownRegions = (
				en,
				Base,
			);
			mainGroup = CB976BAC1C60D7D500A3F3EF;
			productRefGroup = CB976BB61C60D7D500A3F3EF /* Products */;
			projectDirPath = "";
			projectRoot = "";
			targets = (
				CB976BB41C60D7D500A3F3EF /* ROCloudModel */,
			);
		};
/* End PBXProject section */

/* Begin PBXResourcesBuildPhase section */
		CB976BB31C60D7D500A3F3EF /* Resources */ = {
			isa = PBXResourcesBuildPhase;
			buildActionMask = 2147483647;
			files = (
				CBE768781C62048600967C3F /* ROCloudModel.podspec in Resources */,
				CB976BC31C60D7D500A3F3EF /* LaunchScreen.storyboard in Resources */,
				CB976BC01C60D7D500A3F3EF /* Assets.xcassets in Resources */,
				CB976BDA1C60D88A00A3F3EF /* Podfile in Resources */,
				CB976BBE1C60D7D500A3F3EF /* Main.storyboard in Resources */,
			);
			runOnlyForDeploymentPostprocessing = 0;
		};
/* End PBXResourcesBuildPhase section */

/* Begin PBXShellScriptBuildPhase section */
		8367B9AE6D7F1C309E071520 /* [CP] Embed Pods Frameworks */ = {
			isa = PBXShellScriptBuildPhase;
			buildActionMask = 2147483647;
			files = (
			);
			inputPaths = (
			);
			name = "[CP] Embed Pods Frameworks";
			outputPaths = (
			);
			runOnlyForDeploymentPostprocessing = 0;
			shellPath = /bin/sh;
			shellScript = "\"${SRCROOT}/Pods/Target Support Files/Pods-ROCloudModel/Pods-ROCloudModel-frameworks.sh\"\n";
			showEnvVarsInLog = 0;
		};
		87E135987638B49CB4817039 /* [CP] Copy Pods Resources */ = {
			isa = PBXShellScriptBuildPhase;
			buildActionMask = 2147483647;
			files = (
			);
			inputPaths = (
			);
			name = "[CP] Copy Pods Resources";
			outputPaths = (
			);
			runOnlyForDeploymentPostprocessing = 0;
			shellPath = /bin/sh;
			shellScript = "\"${SRCROOT}/Pods/Target Support Files/Pods-ROCloudModel/Pods-ROCloudModel-resources.sh\"\n";
			showEnvVarsInLog = 0;
		};
		AD655C1B39CCE555571C4E94 /* [CP] Check Pods Manifest.lock */ = {
			isa = PBXShellScriptBuildPhase;
			buildActionMask = 2147483647;
			files = (
			);
			inputPaths = (
			);
			name = "[CP] Check Pods Manifest.lock";
			outputPaths = (
			);
			runOnlyForDeploymentPostprocessing = 0;
			shellPath = /bin/sh;
			shellScript = "diff \"${PODS_ROOT}/../Podfile.lock\" \"${PODS_ROOT}/Manifest.lock\" > /dev/null\nif [ $? != 0 ] ; then\n    # print error to STDERR\n    echo \"error: The sandbox is not in sync with the Podfile.lock. Run 'pod install' or update your CocoaPods installation.\" >&2\n    exit 1\nfi\n";
			showEnvVarsInLog = 0;
		};
/* End PBXShellScriptBuildPhase section */

/* Begin PBXSourcesBuildPhase section */
		CB976BB11C60D7D500A3F3EF /* Sources */ = {
			isa = PBXSourcesBuildPhase;
			buildActionMask = 2147483647;
			files = (
				CBE768841C6208C000967C3F /* ROCloudModel.swift in Sources */,
				CB976BB91C60D7D500A3F3EF /* AppDelegate.swift in Sources */,
				CBE768831C6208C000967C3F /* ROCloudBaseWebservice.swift in Sources */,
				CBDF87BB1C93096A00A2ED91 /* LocalCache.swift in Sources */,
				CB976BD51C60D80C00A3F3EF /* ViewController.swift in Sources */,
				CB976BD31C60D7F300A3F3EF /* Post.swift in Sources */,
				CB976BD21C60D7F300A3F3EF /* Report.swift in Sources */,
				CBE768871C62092E00967C3F /* README.md in Sources */,
				CBE768851C6208C000967C3F /* ROCloudModelOperations.swift in Sources */,
			);
			runOnlyForDeploymentPostprocessing = 0;
		};
/* End PBXSourcesBuildPhase section */

/* Begin PBXVariantGroup section */
		CB976BBC1C60D7D500A3F3EF /* Main.storyboard */ = {
			isa = PBXVariantGroup;
			children = (
				CB976BBD1C60D7D500A3F3EF /* Base */,
			);
			name = Main.storyboard;
			sourceTree = "<group>";
		};
		CB976BC11C60D7D500A3F3EF /* LaunchScreen.storyboard */ = {
			isa = PBXVariantGroup;
			children = (
				CB976BC21C60D7D500A3F3EF /* Base */,
			);
			name = LaunchScreen.storyboard;
			sourceTree = "<group>";
		};
/* End PBXVariantGroup section */

/* Begin XCBuildConfiguration section */
		CB976BC51C60D7D500A3F3EF /* Debug */ = {
			isa = XCBuildConfiguration;
			buildSettings = {
				ALWAYS_SEARCH_USER_PATHS = NO;
				CLANG_CXX_LANGUAGE_STANDARD = "gnu++0x";
				CLANG_CXX_LIBRARY = "libc++";
				CLANG_ENABLE_MODULES = YES;
				CLANG_ENABLE_OBJC_ARC = YES;
				CLANG_WARN_BOOL_CONVERSION = YES;
				CLANG_WARN_CONSTANT_CONVERSION = YES;
				CLANG_WARN_DIRECT_OBJC_ISA_USAGE = YES_ERROR;
				CLANG_WARN_EMPTY_BODY = YES;
				CLANG_WARN_ENUM_CONVERSION = YES;
				CLANG_WARN_INFINITE_RECURSION = YES;
				CLANG_WARN_INT_CONVERSION = YES;
				CLANG_WARN_OBJC_ROOT_CLASS = YES_ERROR;
				CLANG_WARN_SUSPICIOUS_MOVE = YES;
				CLANG_WARN_UNREACHABLE_CODE = YES;
				CLANG_WARN__DUPLICATE_METHOD_MATCH = YES;
				"CODE_SIGN_IDENTITY[sdk=iphoneos*]" = "iPhone Developer";
				COPY_PHASE_STRIP = NO;
				DEBUG_INFORMATION_FORMAT = dwarf;
				ENABLE_STRICT_OBJC_MSGSEND = YES;
				ENABLE_TESTABILITY = YES;
				GCC_C_LANGUAGE_STANDARD = gnu99;
				GCC_DYNAMIC_NO_PIC = NO;
				GCC_NO_COMMON_BLOCKS = YES;
				GCC_OPTIMIZATION_LEVEL = 0;
				GCC_PREPROCESSOR_DEFINITIONS = (
					"DEBUG=1",
					"$(inherited)",
				);
				GCC_WARN_64_TO_32_BIT_CONVERSION = YES;
				GCC_WARN_ABOUT_RETURN_TYPE = YES_ERROR;
				GCC_WARN_UNDECLARED_SELECTOR = YES;
				GCC_WARN_UNINITIALIZED_AUTOS = YES_AGGRESSIVE;
				GCC_WARN_UNUSED_FUNCTION = YES;
				GCC_WARN_UNUSED_VARIABLE = YES;
				IPHONEOS_DEPLOYMENT_TARGET = 8.4;
				MTL_ENABLE_DEBUG_INFO = YES;
				ONLY_ACTIVE_ARCH = YES;
				SDKROOT = iphoneos;
				SWIFT_OPTIMIZATION_LEVEL = "-Onone";
				TARGETED_DEVICE_FAMILY = "1,2";
			};
			name = Debug;
		};
		CB976BC61C60D7D500A3F3EF /* Release */ = {
			isa = XCBuildConfiguration;
			buildSettings = {
				ALWAYS_SEARCH_USER_PATHS = NO;
				CLANG_CXX_LANGUAGE_STANDARD = "gnu++0x";
				CLANG_CXX_LIBRARY = "libc++";
				CLANG_ENABLE_MODULES = YES;
				CLANG_ENABLE_OBJC_ARC = YES;
				CLANG_WARN_BOOL_CONVERSION = YES;
				CLANG_WARN_CONSTANT_CONVERSION = YES;
				CLANG_WARN_DIRECT_OBJC_ISA_USAGE = YES_ERROR;
				CLANG_WARN_EMPTY_BODY = YES;
				CLANG_WARN_ENUM_CONVERSION = YES;
				CLANG_WARN_INFINITE_RECURSION = YES;
				CLANG_WARN_INT_CONVERSION = YES;
				CLANG_WARN_OBJC_ROOT_CLASS = YES_ERROR;
				CLANG_WARN_SUSPICIOUS_MOVE = YES;
				CLANG_WARN_UNREACHABLE_CODE = YES;
				CLANG_WARN__DUPLICATE_METHOD_MATCH = YES;
				"CODE_SIGN_IDENTITY[sdk=iphoneos*]" = "iPhone Developer";
				COPY_PHASE_STRIP = NO;
				DEBUG_INFORMATION_FORMAT = "dwarf-with-dsym";
				ENABLE_NS_ASSERTIONS = NO;
				ENABLE_STRICT_OBJC_MSGSEND = YES;
				GCC_C_LANGUAGE_STANDARD = gnu99;
				GCC_NO_COMMON_BLOCKS = YES;
				GCC_WARN_64_TO_32_BIT_CONVERSION = YES;
				GCC_WARN_ABOUT_RETURN_TYPE = YES_ERROR;
				GCC_WARN_UNDECLARED_SELECTOR = YES;
				GCC_WARN_UNINITIALIZED_AUTOS = YES_AGGRESSIVE;
				GCC_WARN_UNUSED_FUNCTION = YES;
				GCC_WARN_UNUSED_VARIABLE = YES;
				IPHONEOS_DEPLOYMENT_TARGET = 8.4;
				MTL_ENABLE_DEBUG_INFO = NO;
				SDKROOT = iphoneos;
				SWIFT_OPTIMIZATION_LEVEL = "-Owholemodule";
				TARGETED_DEVICE_FAMILY = "1,2";
				VALIDATE_PRODUCT = YES;
			};
			name = Release;
		};
		CB976BC81C60D7D500A3F3EF /* Debug */ = {
			isa = XCBuildConfiguration;
			baseConfigurationReference = 4AA8E8B4BA551B73D330218F /* Pods-ROCloudModel.debug.xcconfig */;
			buildSettings = {
				ALWAYS_EMBED_SWIFT_STANDARD_LIBRARIES = YES;
				ASSETCATALOG_COMPILER_APPICON_NAME = AppIcon;
				CODE_SIGN_ENTITLEMENTS = ROCloudModel/ROCloudModel.entitlements;
				CODE_SIGN_IDENTITY = "iPhone Developer";
				"CODE_SIGN_IDENTITY[sdk=iphoneos*]" = "iPhone Developer";
				INFOPLIST_FILE = ROCloudModel/Info.plist;
				IPHONEOS_DEPLOYMENT_TARGET = 8.4;
				LD_RUNPATH_SEARCH_PATHS = "$(inherited) @executable_path/Frameworks";
				PRODUCT_BUNDLE_IDENTIFIER = ch.prine.ROCloudModel;
				PRODUCT_NAME = "$(TARGET_NAME)";
				PROVISIONING_PROFILE = "";
				SWIFT_VERSION = 3.0;
			};
			name = Debug;
		};
		CB976BC91C60D7D500A3F3EF /* Release */ = {
			isa = XCBuildConfiguration;
			baseConfigurationReference = A0404DA6BB7AA0D6B89D3964 /* Pods-ROCloudModel.release.xcconfig */;
			buildSettings = {
				ALWAYS_EMBED_SWIFT_STANDARD_LIBRARIES = YES;
				ASSETCATALOG_COMPILER_APPICON_NAME = AppIcon;
				CODE_SIGN_ENTITLEMENTS = ROCloudModel/ROCloudModel.entitlements;
				CODE_SIGN_IDENTITY = "iPhone Developer";
				"CODE_SIGN_IDENTITY[sdk=iphoneos*]" = "iPhone Developer";
				INFOPLIST_FILE = ROCloudModel/Info.plist;
				IPHONEOS_DEPLOYMENT_TARGET = 8.4;
				LD_RUNPATH_SEARCH_PATHS = "$(inherited) @executable_path/Frameworks";
				PRODUCT_BUNDLE_IDENTIFIER = ch.prine.ROCloudModel;
				PRODUCT_NAME = "$(TARGET_NAME)";
				PROVISIONING_PROFILE = "";
				SWIFT_VERSION = 3.0;
			};
			name = Release;
		};
/* End XCBuildConfiguration section */

/* Begin XCConfigurationList section */
		CB976BB01C60D7D500A3F3EF /* Build configuration list for PBXProject "ROCloudModel" */ = {
			isa = XCConfigurationList;
			buildConfigurations = (
				CB976BC51C60D7D500A3F3EF /* Debug */,
				CB976BC61C60D7D500A3F3EF /* Release */,
			);
			defaultConfigurationIsVisible = 0;
			defaultConfigurationName = Release;
		};
		CB976BC71C60D7D500A3F3EF /* Build configuration list for PBXNativeTarget "ROCloudModel" */ = {
			isa = XCConfigurationList;
			buildConfigurations = (
				CB976BC81C60D7D500A3F3EF /* Debug */,
				CB976BC91C60D7D500A3F3EF /* Release */,
			);
			defaultConfigurationIsVisible = 0;
			defaultConfigurationName = Release;
		};
/* End XCConfigurationList section */
	};
	rootObject = CB976BAD1C60D7D500A3F3EF /* Project object */;
}
